Microsoft Visual Studio Solution File, Format Version 8.00
Project("{8BC9CEB8-8B4A-11D0-8D11-00A0C91BC942}") = "VipClient", "VipClient.vcproj", "{2F957B07-1910-4593-B616-A7A9449AF1C4}"
	ProjectSection(ProjectDependencies) = postProject
	EndProjectSection
EndProject
Global
	GlobalSection(SolutionConfiguration) = preSolution
		Debug = Debug
		Release = Release
	EndGlobalSection
	GlobalSection(ProjectConfiguration) = postSolution
		{2F957B07-1910-4593-B616-A7A9449AF1C4}.Debug.ActiveCfg = Debug|Win32
		{2F957B07-1910-4593-B616-A7A9449AF1C4}.Debug.Build.0 = Debug|Win32
		{2F957B07-1910-4593-B616-A7A9449AF1C4}.Release.ActiveCfg = Release|Win32
		{2F957B07-1910-4593-B616-A7A9449AF1C4}.Release.Build.0 = Release|Win32
	EndGlobalSection
	GlobalSection(ExtensibilityGlobals) = postSolution
	EndGlobalSection
	GlobalSection(ExtensibilityAddIns) = postSolution
	EndGlobalSection
EndGlobal
